
Microsoft Visual Studio Solution File, Format Version 12.00
# Visual Studio Version 17
VisualStudioVersion = 17.9.34728.123
MinimumVisualStudioVersion = 10.0.40219.1
Project("{FAE04EC0-301F-11D3-BF4B-00C04F79EFBC}") = "ex18_wincontrolApp", "ex18_wincontrolApp\ex18_wincontrolApp.csproj", "{0AAD915F-33B1-45F1-9671-51FB6E463370}"
EndProject
Global
	GlobalSection(SolutionConfigurationPlatforms) = preSolution
		Debug|Any CPU = Debug|Any CPU
		Release|Any CPU = Release|Any CPU
	EndGlobalSection
	GlobalSection(ProjectConfigurationPlatforms) = postSolution
		{0AAD915F-33B1-45F1-9671-51FB6E463370}.Debug|Any CPU.ActiveCfg = Debug|Any CPU
		{0AAD915F-33B1-45F1-9671-51FB6E463370}.Debug|Any CPU.Build.0 = Debug|Any CPU
		{0AAD915F-33B1-45F1-9671-51FB6E463370}.Release|Any CPU.ActiveCfg = Release|Any CPU
		{0AAD915F-33B1-45F1-9671-51FB6E463370}.Release|Any CPU.Build.0 = Release|Any CPU
	EndGlobalSection
	GlobalSection(SolutionProperties) = preSolution
		HideSolutionNode = FALSE
	EndGlobalSection
	GlobalSection(ExtensibilityGlobals) = postSolution
		SolutionGuid = {B30DA8A2-860C-4E1E-A21D-101F40B44821}
	EndGlobalSection
EndGlobal
